
Microsoft Visual Studio Solution File, Format Version 12.00
# Visual Studio Version 17
VisualStudioVersion = 17.5.33530.505
MinimumVisualStudioVersion = 10.0.40219.1
Project("{FAE04EC0-301F-11D3-BF4B-00C04F79EFBC}") = "CoyoteGames", "CoyoteGames\CoyoteGames.csproj", "{C8D6A1CC-ADC7-4A18-A262-2F75267CE384}"
EndProject
Global
	GlobalSection(SolutionConfigurationPlatforms) = preSolution
		Debug|Any CPU = Debug|Any CPU
		Release|Any CPU = Release|Any CPU
	EndGlobalSection
	GlobalSection(ProjectConfigurationPlatforms) = postSolution
		{C8D6A1CC-ADC7-4A18-A262-2F75267CE384}.Debug|Any CPU.ActiveCfg = Debug|Any CPU
		{C8D6A1CC-ADC7-4A18-A262-2F75267CE384}.Debug|Any CPU.Build.0 = Debug|Any CPU
		{C8D6A1CC-ADC7-4A18-A262-2F75267CE384}.Release|Any CPU.ActiveCfg = Release|Any CPU
		{C8D6A1CC-ADC7-4A18-A262-2F75267CE384}.Release|Any CPU.Build.0 = Release|Any CPU
	EndGlobalSection
	GlobalSection(SolutionProperties) = preSolution
		HideSolutionNode = FALSE
	EndGlobalSection
	GlobalSection(ExtensibilityGlobals) = postSolution
		SolutionGuid = {D23DAB26-3622-4BA9-AF43-FA68D2702973}
	EndGlobalSection
EndGlobal
